
Microsoft Visual Studio Solution File, Format Version 12.00
# Visual Studio Version 17
VisualStudioVersion = 17.6.33717.318
MinimumVisualStudioVersion = 10.0.40219.1
Project("{9A19103F-16F7-4668-BE54-9A1E7A4F7556}") = "FestivalHue.Core", "FestivalHue.Core\FestivalHue.Core.csproj", "{FAB0CFEE-EB75-49FF-B806-443F31D3F852}"
EndProject
Project("{9A19103F-16F7-4668-BE54-9A1E7A4F7556}") = "FestivalHue.Data", "Festival.Data\FestivalHue.Data.csproj", "{F4A889B9-F259-4805-BAC7-B5642709A833}"
EndProject
Project("{9A19103F-16F7-4668-BE54-9A1E7A4F7556}") = "FestivalHue.ViewModel", "FestivalHue.ViewModel\FestivalHue.ViewModel.csproj", "{D0D263A9-A0C2-4565-B0D4-C4A02C7299DB}"
EndProject
Project("{9A19103F-16F7-4668-BE54-9A1E7A4F7556}") = "FestivalHue.Utilities", "FestivalHue.Utilities\FestivalHue.Utilities.csproj", "{2E90BF50-4429-4CEC-A765-9BCA9143C1DF}"
EndProject
Project("{9A19103F-16F7-4668-BE54-9A1E7A4F7556}") = "FestivalHue-BEApi", "FestivalHue-BEApi\FestivalHue-BEApi.csproj", "{1384503C-4626-43FB-AFC6-1A807E3FFFF2}"
EndProject
Global
	GlobalSection(SolutionConfigurationPlatforms) = preSolution
		Debug|Any CPU = Debug|Any CPU
		Release|Any CPU = Release|Any CPU
	EndGlobalSection
	GlobalSection(ProjectConfigurationPlatforms) = postSolution
		{FAB0CFEE-EB75-49FF-B806-443F31D3F852}.Debug|Any CPU.ActiveCfg = Debug|Any CPU
		{FAB0CFEE-EB75-49FF-B806-443F31D3F852}.Debug|Any CPU.Build.0 = Debug|Any CPU
		{FAB0CFEE-EB75-49FF-B806-443F31D3F852}.Release|Any CPU.ActiveCfg = Release|Any CPU
		{FAB0CFEE-EB75-49FF-B806-443F31D3F852}.Release|Any CPU.Build.0 = Release|Any CPU
		{F4A889B9-F259-4805-BAC7-B5642709A833}.Debug|Any CPU.ActiveCfg = Debug|Any CPU
		{F4A889B9-F259-4805-BAC7-B5642709A833}.Debug|Any CPU.Build.0 = Debug|Any CPU
		{F4A889B9-F259-4805-BAC7-B5642709A833}.Release|Any CPU.ActiveCfg = Release|Any CPU
		{F4A889B9-F259-4805-BAC7-B5642709A833}.Release|Any CPU.Build.0 = Release|Any CPU
		{D0D263A9-A0C2-4565-B0D4-C4A02C7299DB}.Debug|Any CPU.ActiveCfg = Debug|Any CPU
		{D0D263A9-A0C2-4565-B0D4-C4A02C7299DB}.Debug|Any CPU.Build.0 = Debug|Any CPU
		{D0D263A9-A0C2-4565-B0D4-C4A02C7299DB}.Release|Any CPU.ActiveCfg = Release|Any CPU
		{D0D263A9-A0C2-4565-B0D4-C4A02C7299DB}.Release|Any CPU.Build.0 = Release|Any CPU
		{2E90BF50-4429-4CEC-A765-9BCA9143C1DF}.Debug|Any CPU.ActiveCfg = Debug|Any CPU
		{2E90BF50-4429-4CEC-A765-9BCA9143C1DF}.Debug|Any CPU.Build.0 = Debug|Any CPU
		{2E90BF50-4429-4CEC-A765-9BCA9143C1DF}.Release|Any CPU.ActiveCfg = Release|Any CPU
		{2E90BF50-4429-4CEC-A765-9BCA9143C1DF}.Release|Any CPU.Build.0 = Release|Any CPU
		{1384503C-4626-43FB-AFC6-1A807E3FFFF2}.Debug|Any CPU.ActiveCfg = Debug|Any CPU
		{1384503C-4626-43FB-AFC6-1A807E3FFFF2}.Debug|Any CPU.Build.0 = Debug|Any CPU
		{1384503C-4626-43FB-AFC6-1A807E3FFFF2}.Release|Any CPU.ActiveCfg = Release|Any CPU
		{1384503C-4626-43FB-AFC6-1A807E3FFFF2}.Release|Any CPU.Build.0 = Release|Any CPU
	EndGlobalSection
	GlobalSection(SolutionProperties) = preSolution
		HideSolutionNode = FALSE
	EndGlobalSection
	GlobalSection(ExtensibilityGlobals) = postSolution
		SolutionGuid = {1D0C0CEE-DDA5-4ADB-89C3-B17F24F40537}
	EndGlobalSection
EndGlobal
